// !$*UTF8*$!
{
	archiveVersion = 1;
	classes = {
	};
	objectVersion = 46;
	objects = {

/* Begin PBXBuildFile section */
		EE790DBE1C4F33E200114042 /* AppDelegate.swift in Sources */ = {isa = PBXBuildFile; fileRef = EE790DBD1C4F33E200114042 /* AppDelegate.swift */; };
		EE790DC01C4F33E200114042 /* ViewController.swift in Sources */ = {isa = PBXBuildFile; fileRef = EE790DBF1C4F33E200114042 /* ViewController.swift */; };
		EE790DC31C4F33E200114042 /* Main.storyboard in Resources */ = {isa = PBXBuildFile; fileRef = EE790DC11C4F33E200114042 /* Main.storyboard */; };
		EE790DC51C4F33E200114042 /* Assets.xcassets in Resources */ = {isa = PBXBuildFile; fileRef = EE790DC41C4F33E200114042 /* Assets.xcassets */; };
		EE790DC81C4F33E200114042 /* LaunchScreen.storyboard in Resources */ = {isa = PBXBuildFile; fileRef = EE790DC61C4F33E200114042 /* LaunchScreen.storyboard */; };
/* End PBXBuildFile section */

/* Begin PBXFileReference section */
		EE790DBA1C4F33E200114042 /* TestTestGitHub.app */ = {isa = PBXFileReference; explicitFileType = wrapper.application; includeInIndex = 0; path = TestTestGitHub.app; sourceTree = BUILT_PRODUCTS_DIR; };
		EE790DBD1C4F33E200114042 /* AppDelegate.swift */ = {isa = PBXFileReference; lastKnownFileType = sourcecode.swift; path = AppDelegate.swift; sourceTree = "<group>"; };
		EE790DBF1C4F33E200114042 /* ViewController.swift */ = {isa = PBXFileReference; lastKnownFileType = sourcecode.swift; path = ViewController.swift; sourceTree = "<group>"; };
		EE790DC21C4F33E200114042 /* Base */ = {isa = PBXFileReference; lastKnownFileType = file.storyboard; name = Base; path = Base.lproj/Main.storyboard; sourceTree = "<group>"; };
		EE790DC41C4F33E200114042 /* Assets.xcassets */ = {isa = PBXFileReference; lastKnownFileType = folder.assetcatalog; path = Assets.xcassets; sourceTree = "<group>"; };
		EE790DC71C4F33E200114042 /* Base */ = {isa = PBXFileReference; lastKnownFileType = file.storyboard; name = Base; path = Base.lproj/LaunchScreen.storyboard; sourceTree = "<group>"; };
		EE790DC91C4F33E200114042 /* Info.plist */ = {isa = PBXFileReference; lastKnownFileType = text.plist.xml; path = Info.plist; sourceTree = "<group>"; };
/* End PBXFileReference section */

/* Begin PBXFrameworksBuildPhase section */
		EE790DB71C4F33E200114042 /* Frameworks */ = {
			isa = PBXFrameworksBuildPhase;
			buildActionMask = 2147483647;
			files = (
			);
			runOnlyForDeploymentPostprocessing = 0;
		};
/* End PBXFrameworksBuildPhase section */

/* Begin PBXGroup section */
		EE790DB11C4F33E200114042 = {
			isa = PBXGroup;
			children = (
				EE790DBC1C4F33E200114042 /* TestTestGitHub */,
				EE790DBB1C4F33E200114042 /* Products */,
			);
			sourceTree = "<group>";
		};
		EE790DBB1C4F33E200114042 /* Products */ = {
			isa = PBXGroup;
			children = (
				EE790DBA1C4F33E200114042 /* TestTestGitHub.app */,
			);
			name = Products;
			sourceTree = "<group>";
		};
		EE790DBC1C4F33E200114042 /* TestTestGitHub */ = {
			isa = PBXGroup;
			children = (
				EE790DBD1C4F33E200114042 /* AppDelegate.swift */,
				EE790DBF1C4F33E200114042 /* ViewController.swift */,
				EE790DC11C4F33E200114042 /* Main.storyboard */,
				EE790DC41C4F33E200114042 /* Assets.xcassets */,
				EE790DC61C4F33E200114042 /* LaunchScreen.storyboard */,
				EE790DC91C4F33E200114042 /* Info.plist */,
			);
			path = TestTestGitHub;
			sourceTree = "<group>";
		};
/* End PBXGroup section */

/* Begin PBXNativeTarget section */
		EE790DB91C4F33E200114042 /* TestTestGitHub */ = {
			isa = PBXNativeTarget;
			buildConfigurationList = EE790DCC1C4F33E200114042 /* Build configuration list for PBXNativeTarget "TestTestGitHub" */;
			buildPhases = (
				EE790DB61C4F33E200114042 /* Sources */,
				EE790DB71C4F33E200114042 /* Frameworks */,
				EE790DB81C4F33E200114042 /* Resources */,
			);
			buildRules = (
			);
			dependencies = (
			);
			name = TestTestGitHub;
			productName = TestTestGitHub;
			productReference = EE790DBA1C4F33E200114042 /* TestTestGitHub.app */;
			productType = "com.apple.product-type.application";
		};
/* End PBXNativeTarget section */

/* Begin PBXProject section */
		EE790DB21C4F33E200114042 /* Project object */ = {
			isa = PBXProject;
			attributes = {
				LastSwiftUpdateCheck = 0720;
				LastUpgradeCheck = 0720;
				ORGANIZATIONNAME = "Elena Ariza";
				TargetAttributes = {
					EE790DB91C4F33E200114042 = {
						CreatedOnToolsVersion = 7.2;
						DevelopmentTeam = S7GMGY2V3L;
					};
				};
			};
			buildConfigurationList = EE790DB51C4F33E200114042 /* Build configuration list for PBXProject "TestTestGitHub" */;
			compatibilityVersion = "Xcode 3.2";
			developmentRegion = English;
			hasScannedForEncodings = 0;
			knownRegions = (
				en,
				Base,
			);
			mainGroup = EE790DB11C4F33E200114042;
			productRefGroup = EE790DBB1C4F33E200114042 /* Products */;
			projectDirPath = "";
			projectRoot = "";
			targets = (
				EE790DB91C4F33E200114042 /* TestTestGitHub */,
			);
		};
/* End PBXProject section */

/* Begin PBXResourcesBuildPhase section */
		EE790DB81C4F33E200114042 /* Resources */ = {
			isa = PBXResourcesBuildPhase;
			buildActionMask = 2147483647;
			files = (
				EE790DC81C4F33E200114042 /* LaunchScreen.storyboard in Resources */,
				EE790DC51C4F33E200114042 /* Assets.xcassets in Resources */,
				EE790DC31C4F33E200114042 /* Main.storyboard in Resources */,
			);
			runOnlyForDeploymentPostprocessing = 0;
		};
/* End PBXResourcesBuildPhase section */

/* Begin PBXSourcesBuildPhase section */
		EE790DB61C4F33E200114042 /* Sources */ = {
			isa = PBXSourcesBuildPhase;
			buildActionMask = 2147483647;
			files = (
				EE790DC01C4F33E200114042 /* ViewController.swift in Sources */,
				EE790DBE1C4F33E200114042 /* AppDelegate.swift in Sources */,
			);
			runOnlyForDeploymentPostprocessing = 0;
		};
/* End PBXSourcesBuildPhase section */

/* Begin PBXVariantGroup section */
		EE790DC11C4F33E200114042 /* Main.storyboard */ = {
			isa = PBXVariantGroup;
			children = (
				EE790DC21C4F33E200114042 /* Base */,
			);
			name = Main.storyboard;
			sourceTree = "<group>";
		};
		EE790DC61C4F33E200114042 /* LaunchScreen.storyboard */ = {
			isa = PBXVariantGroup;
			children = (
				EE790DC71C4F33E200114042 /* Base */,
			);
			name = LaunchScreen.storyboard;
			sourceTree = "<group>";
		};
/* End PBXVariantGroup section */

/* Begin XCBuildConfiguration section */
		EE790DCA1C4F33E200114042 /* Debug */ = {
			isa = XCBuildConfiguration;
			buildSettings = {
				ALWAYS_SEARCH_USER_PATHS = NO;
				CLANG_CXX_LANGUAGE_STANDARD = "gnu++0x";
				CLANG_CXX_LIBRARY = "libc++";
				CLANG_ENABLE_MODULES = YES;
				CLANG_ENABLE_OBJC_ARC = YES;
				CLANG_WARN_BOOL_CONVERSION = YES;
				CLANG_WARN_CONSTANT_CONVERSION = YES;
				CLANG_WARN_DIRECT_OBJC_ISA_USAGE = YES_ERROR;
				CLANG_WARN_EMPTY_BODY = YES;
				CLANG_WARN_ENUM_CONVERSION = YES;
				CLANG_WARN_INT_CONVERSION = YES;
				CLANG_WARN_OBJC_ROOT_CLASS = YES_ERROR;
				CLANG_WARN_UNREACHABLE_CODE = YES;
				CLANG_WARN__DUPLICATE_METHOD_MATCH = YES;
				"CODE_SIGN_IDENTITY[sdk=iphoneos*]" = "iPhone Developer";
				COPY_PHASE_STRIP = NO;
				DEBUG_INFORMATION_FORMAT = dwarf;
				ENABLE_STRICT_OBJC_MSGSEND = YES;
				ENABLE_TESTABILITY = YES;
				GCC_C_LANGUAGE_STANDARD = gnu99;
				GCC_DYNAMIC_NO_PIC = NO;
				GCC_NO_COMMON_BLOCKS = YES;
				GCC_OPTIMIZATION_LEVEL = 0;
				GCC_PREPROCESSOR_DEFINITIONS = (
					"DEBUG=1",
					"$(inherited)",
				);
				GCC_WARN_64_TO_32_BIT_CONVERSION = YES;
				GCC_WARN_ABOUT_RETURN_TYPE = YES_ERROR;
				GCC_WARN_UNDECLARED_SELECTOR = YES;
				GCC_WARN_UNINITIALIZED_AUTOS = YES_AGGRESSIVE;
				GCC_WARN_UNUSED_FUNCTION = YES;
				GCC_WARN_UNUSED_VARIABLE = YES;
				IPHONEOS_DEPLOYMENT_TARGET = 9.2;
				MTL_ENABLE_DEBUG_INFO = YES;
				ONLY_ACTIVE_ARCH = YES;
				SDKROOT = iphoneos;
				SWIFT_OPTIMIZATION_LEVEL = "-Onone";
				TARGETED_DEVICE_FAMILY = "1,2";
			};
			name = Debug;
		};
		EE790DCB1C4F33E200114042 /* Release */ = {
			isa = XCBuildConfiguration;
			buildSettings = {
				ALWAYS_SEARCH_USER_PATHS = NO;
				CLANG_CXX_LANGUAGE_STANDARD = "gnu++0x";
				CLANG_CXX_LIBRARY = "libc++";
				CLANG_ENABLE_MODULES = YES;
				CLANG_ENABLE_OBJC_ARC = YES;
				CLANG_WARN_BOOL_CONVERSION = YES;
				CLANG_WARN_CONSTANT_CONVERSION = YES;
				CLANG_WARN_DIRECT_OBJC_ISA_USAGE = YES_ERROR;
				CLANG_WARN_EMPTY_BODY = YES;
				CLANG_WARN_ENUM_CONVERSION = YES;
				CLANG_WARN_INT_CONVERSION = YES;
				CLANG_WARN_OBJC_ROOT_CLASS = YES_ERROR;
				CLANG_WARN_UNREACHABLE_CODE = YES;
				CLANG_WARN__DUPLICATE_METHOD_MATCH = YES;
				"CODE_SIGN_IDENTITY[sdk=iphoneos*]" = "iPhone Developer";
				COPY_PHASE_STRIP = NO;
				DEBUG_INFORMATION_FORMAT = "dwarf-with-dsym";
				ENABLE_NS_ASSERTIONS = NO;
				ENABLE_STRICT_OBJC_MSGSEND = YES;
				GCC_C_LANGUAGE_STANDARD = gnu99;
				GCC_NO_COMMON_BLOCKS = YES;
				GCC_WARN_64_TO_32_BIT_CONVERSION = YES;
				GCC_WARN_ABOUT_RETURN_TYPE = YES_ERROR;
				GCC_WARN_UNDECLARED_SELECTOR = YES;
				GCC_WARN_UNINITIALIZED_AUTOS = YES_AGGRESSIVE;
				GCC_WARN_UNUSED_FUNCTION = YES;
				GCC_WARN_UNUSED_VARIABLE = YES;
				IPHONEOS_DEPLOYMENT_TARGET = 9.2;
				MTL_ENABLE_DEBUG_INFO = NO;
				SDKROOT = iphoneos;
				TARGETED_DEVICE_FAMILY = "1,2";
				VALIDATE_PRODUCT = YES;
			};
			name = Release;
		};
		EE790DCD1C4F33E200114042 /* Debug */ = {
			isa = XCBuildConfiguration;
			buildSettings = {
				ASSETCATALOG_COMPILER_APPICON_NAME = AppIcon;
				INFOPLIST_FILE = TestTestGitHub/Info.plist;
				LD_RUNPATH_SEARCH_PATHS = "$(inherited) @executable_path/Frameworks";
				PRODUCT_BUNDLE_IDENTIFIER = elenaariza.TestTestGitHub;
				PRODUCT_NAME = "$(TARGET_NAME)";
			};
			name = Debug;
		};
		EE790DCE1C4F33E200114042 /* Release */ = {
			isa = XCBuildConfiguration;
			buildSettings = {
				ASSETCATALOG_COMPILER_APPICON_NAME = AppIcon;
				INFOPLIST_FILE = TestTestGitHub/Info.plist;
				LD_RUNPATH_SEARCH_PATHS = "$(inherited) @executable_path/Frameworks";
				PRODUCT_BUNDLE_IDENTIFIER = elenaariza.TestTestGitHub;
				PRODUCT_NAME = "$(TARGET_NAME)";
			};
			name = Release;
		};
/* End XCBuildConfiguration section */

/* Begin XCConfigurationList section */
		EE790DB51C4F33E200114042 /* Build configuration list for PBXProject "TestTestGitHub" */ = {
			isa = XCConfigurationList;
			buildConfigurations = (
				EE790DCA1C4F33E200114042 /* Debug */,
				EE790DCB1C4F33E200114042 /* Release */,
			);
			defaultConfigurationIsVisible = 0;
			defaultConfigurationName = Release;
		};
		EE790DCC1C4F33E200114042 /* Build configuration list for PBXNativeTarget "TestTestGitHub" */ = {
			isa = XCConfigurationList;
			buildConfigurations = (
				EE790DCD1C4F33E200114042 /* Debug */,
				EE790DCE1C4F33E200114042 /* Release */,
			);
			defaultConfigurationIsVisible = 0;
		};
/* End XCConfigurationList section */
	};
	rootObject = EE790DB21C4F33E200114042 /* Project object */;
}
